
Microsoft Visual Studio Solution File, Format Version 12.00
# Visual Studio 14
VisualStudioVersion = 14.0.25420.1
MinimumVisualStudioVersion = 10.0.40219.1
Project("{FAE04EC0-301F-11D3-BF4B-00C04F79EFBC}") = "Movies.Web", "Movies.Web\Movies.Web.csproj", "{674E9608-3C67-4749-BA4B-061D18596815}"
EndProject
Project("{FAE04EC0-301F-11D3-BF4B-00C04F79EFBC}") = "Movies.Data", "Movies.Data\Movies.Data.csproj", "{E0F077A8-7DAD-4D9C-914F-368FC68D0C9A}"
EndProject
Project("{FAE04EC0-301F-11D3-BF4B-00C04F79EFBC}") = "Movies.Models", "Movies.Models\Movies.Models.csproj", "{67D2C0ED-0A79-47A9-AAA4-DA00E746336A}"
EndProject
Global
	GlobalSection(SolutionConfigurationPlatforms) = preSolution
		Debug|Any CPU = Debug|Any CPU
		Release|Any CPU = Release|Any CPU
	EndGlobalSection
	GlobalSection(ProjectConfigurationPlatforms) = postSolution
		{674E9608-3C67-4749-BA4B-061D18596815}.Debug|Any CPU.ActiveCfg = Debug|Any CPU
		{674E9608-3C67-4749-BA4B-061D18596815}.Debug|Any CPU.Build.0 = Debug|Any CPU
		{674E9608-3C67-4749-BA4B-061D18596815}.Release|Any CPU.ActiveCfg = Release|Any CPU
		{674E9608-3C67-4749-BA4B-061D18596815}.Release|Any CPU.Build.0 = Release|Any CPU
		{E0F077A8-7DAD-4D9C-914F-368FC68D0C9A}.Debug|Any CPU.ActiveCfg = Debug|Any CPU
		{E0F077A8-7DAD-4D9C-914F-368FC68D0C9A}.Debug|Any CPU.Build.0 = Debug|Any CPU
		{E0F077A8-7DAD-4D9C-914F-368FC68D0C9A}.Release|Any CPU.ActiveCfg = Release|Any CPU
		{E0F077A8-7DAD-4D9C-914F-368FC68D0C9A}.Release|Any CPU.Build.0 = Release|Any CPU
		{67D2C0ED-0A79-47A9-AAA4-DA00E746336A}.Debug|Any CPU.ActiveCfg = Debug|Any CPU
		{67D2C0ED-0A79-47A9-AAA4-DA00E746336A}.Debug|Any CPU.Build.0 = Debug|Any CPU
		{67D2C0ED-0A79-47A9-AAA4-DA00E746336A}.Release|Any CPU.ActiveCfg = Release|Any CPU
		{67D2C0ED-0A79-47A9-AAA4-DA00E746336A}.Release|Any CPU.Build.0 = Release|Any CPU
	EndGlobalSection
	GlobalSection(SolutionProperties) = preSolution
		HideSolutionNode = FALSE
	EndGlobalSection
EndGlobal
