
Microsoft Visual Studio Solution File, Format Version 12.00
# Visual Studio 14
VisualStudioVersion = 14.0.24720.0
MinimumVisualStudioVersion = 10.0.40219.1
Project("{FAE04EC0-301F-11D3-BF4B-00C04F79EFBC}") = "StudentSystem.Data", "StudentSystem.Data\StudentSystem.Data.csproj", "{D368B571-FED9-4EC2-B9FB-ECACE7B4FC4A}"
EndProject
Project("{FAE04EC0-301F-11D3-BF4B-00C04F79EFBC}") = "StudentSystem.App", "StudentSystem.App\StudentSystem.App.csproj", "{88086842-9EAC-405D-A158-D17265A42A3A}"
EndProject
Project("{FAE04EC0-301F-11D3-BF4B-00C04F79EFBC}") = "StudentSystem.DataModels", "StudentSystem.DataModels\StudentSystem.DataModels.csproj", "{44CE4966-F032-4900-B133-821266972D33}"
EndProject
Global
	GlobalSection(SolutionConfigurationPlatforms) = preSolution
		Debug|Any CPU = Debug|Any CPU
		Release|Any CPU = Release|Any CPU
	EndGlobalSection
	GlobalSection(ProjectConfigurationPlatforms) = postSolution
		{D368B571-FED9-4EC2-B9FB-ECACE7B4FC4A}.Debug|Any CPU.ActiveCfg = Debug|Any CPU
		{D368B571-FED9-4EC2-B9FB-ECACE7B4FC4A}.Debug|Any CPU.Build.0 = Debug|Any CPU
		{D368B571-FED9-4EC2-B9FB-ECACE7B4FC4A}.Release|Any CPU.ActiveCfg = Release|Any CPU
		{D368B571-FED9-4EC2-B9FB-ECACE7B4FC4A}.Release|Any CPU.Build.0 = Release|Any CPU
		{88086842-9EAC-405D-A158-D17265A42A3A}.Debug|Any CPU.ActiveCfg = Debug|Any CPU
		{88086842-9EAC-405D-A158-D17265A42A3A}.Debug|Any CPU.Build.0 = Debug|Any CPU
		{88086842-9EAC-405D-A158-D17265A42A3A}.Release|Any CPU.ActiveCfg = Release|Any CPU
		{88086842-9EAC-405D-A158-D17265A42A3A}.Release|Any CPU.Build.0 = Release|Any CPU
		{44CE4966-F032-4900-B133-821266972D33}.Debug|Any CPU.ActiveCfg = Debug|Any CPU
		{44CE4966-F032-4900-B133-821266972D33}.Debug|Any CPU.Build.0 = Debug|Any CPU
		{44CE4966-F032-4900-B133-821266972D33}.Release|Any CPU.ActiveCfg = Release|Any CPU
		{44CE4966-F032-4900-B133-821266972D33}.Release|Any CPU.Build.0 = Release|Any CPU
	EndGlobalSection
	GlobalSection(SolutionProperties) = preSolution
		HideSolutionNode = FALSE
	EndGlobalSection
EndGlobal
