
Microsoft Visual Studio Solution File, Format Version 12.00
# Visual Studio 14
VisualStudioVersion = 14.0.24720.0
MinimumVisualStudioVersion = 10.0.40219.1
Project("{FAE04EC0-301F-11D3-BF4B-00C04F79EFBC}") = "Sorters", "Sorters\Sorters.csproj", "{8F49A8C5-F06B-46F3-89EE-82A1F140BF18}"
EndProject
Project("{FAE04EC0-301F-11D3-BF4B-00C04F79EFBC}") = "Sorters.Tests", "Sorters.Tests\Sorters.Tests.csproj", "{18C41AD7-8035-4A3C-9844-B8D4C997D130}"
EndProject
Global
	GlobalSection(SolutionConfigurationPlatforms) = preSolution
		Debug|Any CPU = Debug|Any CPU
		Release|Any CPU = Release|Any CPU
	EndGlobalSection
	GlobalSection(ProjectConfigurationPlatforms) = postSolution
		{8F49A8C5-F06B-46F3-89EE-82A1F140BF18}.Debug|Any CPU.ActiveCfg = Debug|Any CPU
		{8F49A8C5-F06B-46F3-89EE-82A1F140BF18}.Debug|Any CPU.Build.0 = Debug|Any CPU
		{8F49A8C5-F06B-46F3-89EE-82A1F140BF18}.Release|Any CPU.ActiveCfg = Release|Any CPU
		{8F49A8C5-F06B-46F3-89EE-82A1F140BF18}.Release|Any CPU.Build.0 = Release|Any CPU
		{18C41AD7-8035-4A3C-9844-B8D4C997D130}.Debug|Any CPU.ActiveCfg = Debug|Any CPU
		{18C41AD7-8035-4A3C-9844-B8D4C997D130}.Debug|Any CPU.Build.0 = Debug|Any CPU
		{18C41AD7-8035-4A3C-9844-B8D4C997D130}.Release|Any CPU.ActiveCfg = Release|Any CPU
		{18C41AD7-8035-4A3C-9844-B8D4C997D130}.Release|Any CPU.Build.0 = Release|Any CPU
	EndGlobalSection
	GlobalSection(SolutionProperties) = preSolution
		HideSolutionNode = FALSE
	EndGlobalSection
EndGlobal
