
Microsoft Visual Studio Solution File, Format Version 12.00
# Visual Studio 14
VisualStudioVersion = 14.0.25420.1
MinimumVisualStudioVersion = 10.0.40219.1
Project("{FAE04EC0-301F-11D3-BF4B-00C04F79EFBC}") = "Calculator", "Calculator\Calculator.csproj", "{BE321559-06D8-4F3D-B80C-560C7DF52424}"
EndProject
Project("{FAE04EC0-301F-11D3-BF4B-00C04F79EFBC}") = "Northwind.WebClient", "Northwind.WebClient\Northwind.WebClient.csproj", "{964870B0-E143-4C1E-B98D-FB66A8CF6D0D}"
EndProject
Project("{FAE04EC0-301F-11D3-BF4B-00C04F79EFBC}") = "Northwind.Services", "Northwind.Services\Northwind.Services.csproj", "{C84C0BD1-9997-48C8-8DE8-56F54E7611B7}"
EndProject
Project("{FAE04EC0-301F-11D3-BF4B-00C04F79EFBC}") = "Northwind.Tests", "Northwind.Tests\Northwind.Tests.csproj", "{6AC49252-91CE-43A8-B0B0-C40130F27FF7}"
EndProject
Project("{2150E333-8FDC-42A3-9474-1A3956D46DE8}") = "BitCalculator", "BitCalculator", "{A44BADBC-73B8-4299-BE0C-3F023A2E0ABE}"
EndProject
Project("{2150E333-8FDC-42A3-9474-1A3956D46DE8}") = "Northwind", "Northwind", "{5E5295F8-34BD-4BA6-B88C-9BE924E08999}"
EndProject
Project("{FAE04EC0-301F-11D3-BF4B-00C04F79EFBC}") = "Northwind.Models", "Northwind.Models\Northwind.Models.csproj", "{96C65037-A36A-4CFC-A5CE-FA8005BAFC2C}"
EndProject
Global
	GlobalSection(SolutionConfigurationPlatforms) = preSolution
		Debug|Any CPU = Debug|Any CPU
		Release|Any CPU = Release|Any CPU
	EndGlobalSection
	GlobalSection(ProjectConfigurationPlatforms) = postSolution
		{BE321559-06D8-4F3D-B80C-560C7DF52424}.Debug|Any CPU.ActiveCfg = Debug|Any CPU
		{BE321559-06D8-4F3D-B80C-560C7DF52424}.Debug|Any CPU.Build.0 = Debug|Any CPU
		{BE321559-06D8-4F3D-B80C-560C7DF52424}.Release|Any CPU.ActiveCfg = Release|Any CPU
		{BE321559-06D8-4F3D-B80C-560C7DF52424}.Release|Any CPU.Build.0 = Release|Any CPU
		{964870B0-E143-4C1E-B98D-FB66A8CF6D0D}.Debug|Any CPU.ActiveCfg = Debug|Any CPU
		{964870B0-E143-4C1E-B98D-FB66A8CF6D0D}.Debug|Any CPU.Build.0 = Debug|Any CPU
		{964870B0-E143-4C1E-B98D-FB66A8CF6D0D}.Release|Any CPU.ActiveCfg = Release|Any CPU
		{964870B0-E143-4C1E-B98D-FB66A8CF6D0D}.Release|Any CPU.Build.0 = Release|Any CPU
		{C84C0BD1-9997-48C8-8DE8-56F54E7611B7}.Debug|Any CPU.ActiveCfg = Debug|Any CPU
		{C84C0BD1-9997-48C8-8DE8-56F54E7611B7}.Debug|Any CPU.Build.0 = Debug|Any CPU
		{C84C0BD1-9997-48C8-8DE8-56F54E7611B7}.Release|Any CPU.ActiveCfg = Release|Any CPU
		{C84C0BD1-9997-48C8-8DE8-56F54E7611B7}.Release|Any CPU.Build.0 = Release|Any CPU
		{6AC49252-91CE-43A8-B0B0-C40130F27FF7}.Debug|Any CPU.ActiveCfg = Debug|Any CPU
		{6AC49252-91CE-43A8-B0B0-C40130F27FF7}.Debug|Any CPU.Build.0 = Debug|Any CPU
		{6AC49252-91CE-43A8-B0B0-C40130F27FF7}.Release|Any CPU.ActiveCfg = Release|Any CPU
		{6AC49252-91CE-43A8-B0B0-C40130F27FF7}.Release|Any CPU.Build.0 = Release|Any CPU
		{96C65037-A36A-4CFC-A5CE-FA8005BAFC2C}.Debug|Any CPU.ActiveCfg = Debug|Any CPU
		{96C65037-A36A-4CFC-A5CE-FA8005BAFC2C}.Debug|Any CPU.Build.0 = Debug|Any CPU
		{96C65037-A36A-4CFC-A5CE-FA8005BAFC2C}.Release|Any CPU.ActiveCfg = Release|Any CPU
		{96C65037-A36A-4CFC-A5CE-FA8005BAFC2C}.Release|Any CPU.Build.0 = Release|Any CPU
	EndGlobalSection
	GlobalSection(SolutionProperties) = preSolution
		HideSolutionNode = FALSE
	EndGlobalSection
	GlobalSection(NestedProjects) = preSolution
		{BE321559-06D8-4F3D-B80C-560C7DF52424} = {A44BADBC-73B8-4299-BE0C-3F023A2E0ABE}
		{964870B0-E143-4C1E-B98D-FB66A8CF6D0D} = {5E5295F8-34BD-4BA6-B88C-9BE924E08999}
		{C84C0BD1-9997-48C8-8DE8-56F54E7611B7} = {5E5295F8-34BD-4BA6-B88C-9BE924E08999}
		{6AC49252-91CE-43A8-B0B0-C40130F27FF7} = {5E5295F8-34BD-4BA6-B88C-9BE924E08999}
		{96C65037-A36A-4CFC-A5CE-FA8005BAFC2C} = {5E5295F8-34BD-4BA6-B88C-9BE924E08999}
	EndGlobalSection
EndGlobal
